// !$*UTF8*$!
{
	archiveVersion = 1;
	classes = {
	};
	objectVersion = 46;
	objects = {

/* Begin PBXBuildFile section */
		21916B5E1F44461E0057BA9B /* AppDelegate.swift in Sources */ = {isa = PBXBuildFile; fileRef = 21916B5D1F44461E0057BA9B /* AppDelegate.swift */; };
		21916B601F44461E0057BA9B /* ViewController.swift in Sources */ = {isa = PBXBuildFile; fileRef = 21916B5F1F44461E0057BA9B /* ViewController.swift */; };
		21916B631F44461E0057BA9B /* Main.storyboard in Resources */ = {isa = PBXBuildFile; fileRef = 21916B611F44461E0057BA9B /* Main.storyboard */; };
		21916B651F44461E0057BA9B /* Assets.xcassets in Resources */ = {isa = PBXBuildFile; fileRef = 21916B641F44461E0057BA9B /* Assets.xcassets */; };
		21916B681F44461E0057BA9B /* LaunchScreen.storyboard in Resources */ = {isa = PBXBuildFile; fileRef = 21916B661F44461E0057BA9B /* LaunchScreen.storyboard */; };
		21916B711F4446C50057BA9B /* AlbumNavigationController.swift in Sources */ = {isa = PBXBuildFile; fileRef = 21916B701F4446C50057BA9B /* AlbumNavigationController.swift */; };
		21916B731F44478B0057BA9B /* AlbumListViewController.swift in Sources */ = {isa = PBXBuildFile; fileRef = 21916B721F44478B0057BA9B /* AlbumListViewController.swift */; };
		21916B761F4447B40057BA9B /* AlbumListViewCell.swift in Sources */ = {isa = PBXBuildFile; fileRef = 21916B741F4447B40057BA9B /* AlbumListViewCell.swift */; };
		21916B791F4447D60057BA9B /* PhotosViewController.swift in Sources */ = {isa = PBXBuildFile; fileRef = 21916B781F4447D60057BA9B /* PhotosViewController.swift */; };
		21916B7C1F4448080057BA9B /* PhotoCollectionViewCell.swift in Sources */ = {isa = PBXBuildFile; fileRef = 21916B7A1F4448080057BA9B /* PhotoCollectionViewCell.swift */; };
		21916B7F1F4448300057BA9B /* PreViewViewController.swift in Sources */ = {isa = PBXBuildFile; fileRef = 21916B7E1F4448300057BA9B /* PreViewViewController.swift */; };
		21916B821F4448550057BA9B /* PreViewCollectionViewCell.swift in Sources */ = {isa = PBXBuildFile; fileRef = 21916B801F4448550057BA9B /* PreViewCollectionViewCell.swift */; };
		21916B831F4448550057BA9B /* PreViewCollectionViewCell.xib in Resources */ = {isa = PBXBuildFile; fileRef = 21916B811F4448550057BA9B /* PreViewCollectionViewCell.xib */; };
/* End PBXBuildFile section */

/* Begin PBXFileReference section */
		21916B5A1F44461E0057BA9B /* XMImagePickerController.app */ = {isa = PBXFileReference; explicitFileType = wrapper.application; includeInIndex = 0; path = XMImagePickerController.app; sourceTree = BUILT_PRODUCTS_DIR; };
		21916B5D1F44461E0057BA9B /* AppDelegate.swift */ = {isa = PBXFileReference; lastKnownFileType = sourcecode.swift; path = AppDelegate.swift; sourceTree = "<group>"; };
		21916B5F1F44461E0057BA9B /* ViewController.swift */ = {isa = PBXFileReference; lastKnownFileType = sourcecode.swift; path = ViewController.swift; sourceTree = "<group>"; };
		21916B621F44461E0057BA9B /* Base */ = {isa = PBXFileReference; lastKnownFileType = file.storyboard; name = Base; path = Base.lproj/Main.storyboard; sourceTree = "<group>"; };
		21916B641F44461E0057BA9B /* Assets.xcassets */ = {isa = PBXFileReference; lastKnownFileType = folder.assetcatalog; path = Assets.xcassets; sourceTree = "<group>"; };
		21916B671F44461E0057BA9B /* Base */ = {isa = PBXFileReference; lastKnownFileType = file.storyboard; name = Base; path = Base.lproj/LaunchScreen.storyboard; sourceTree = "<group>"; };
		21916B691F44461E0057BA9B /* Info.plist */ = {isa = PBXFileReference; lastKnownFileType = text.plist.xml; path = Info.plist; sourceTree = "<group>"; };
		21916B701F4446C50057BA9B /* AlbumNavigationController.swift */ = {isa = PBXFileReference; fileEncoding = 4; lastKnownFileType = sourcecode.swift; path = AlbumNavigationController.swift; sourceTree = "<group>"; };
		21916B721F44478B0057BA9B /* AlbumListViewController.swift */ = {isa = PBXFileReference; fileEncoding = 4; lastKnownFileType = sourcecode.swift; path = AlbumListViewController.swift; sourceTree = "<group>"; };
		21916B741F4447B40057BA9B /* AlbumListViewCell.swift */ = {isa = PBXFileReference; fileEncoding = 4; lastKnownFileType = sourcecode.swift; path = AlbumListViewCell.swift; sourceTree = "<group>"; };
		21916B781F4447D60057BA9B /* PhotosViewController.swift */ = {isa = PBXFileReference; fileEncoding = 4; lastKnownFileType = sourcecode.swift; path = PhotosViewController.swift; sourceTree = "<group>"; };
		21916B7A1F4448080057BA9B /* PhotoCollectionViewCell.swift */ = {isa = PBXFileReference; fileEncoding = 4; lastKnownFileType = sourcecode.swift; path = PhotoCollectionViewCell.swift; sourceTree = "<group>"; };
		21916B7E1F4448300057BA9B /* PreViewViewController.swift */ = {isa = PBXFileReference; fileEncoding = 4; lastKnownFileType = sourcecode.swift; path = PreViewViewController.swift; sourceTree = "<group>"; };
		21916B801F4448550057BA9B /* PreViewCollectionViewCell.swift */ = {isa = PBXFileReference; fileEncoding = 4; lastKnownFileType = sourcecode.swift; path = PreViewCollectionViewCell.swift; sourceTree = "<group>"; };
		21916B811F4448550057BA9B /* PreViewCollectionViewCell.xib */ = {isa = PBXFileReference; fileEncoding = 4; lastKnownFileType = file.xib; path = PreViewCollectionViewCell.xib; sourceTree = "<group>"; };
/* End PBXFileReference section */

/* Begin PBXFrameworksBuildPhase section */
		21916B571F44461E0057BA9B /* Frameworks */ = {
			isa = PBXFrameworksBuildPhase;
			buildActionMask = 2147483647;
			files = (
			);
			runOnlyForDeploymentPostprocessing = 0;
		};
/* End PBXFrameworksBuildPhase section */

/* Begin PBXGroup section */
		21916B511F44461E0057BA9B = {
			isa = PBXGroup;
			children = (
				21916B5C1F44461E0057BA9B /* XMImagePickerController */,
				21916B5B1F44461E0057BA9B /* Products */,
			);
			sourceTree = "<group>";
		};
		21916B5B1F44461E0057BA9B /* Products */ = {
			isa = PBXGroup;
			children = (
				21916B5A1F44461E0057BA9B /* XMImagePickerController.app */,
			);
			name = Products;
			sourceTree = "<group>";
		};
		21916B5C1F44461E0057BA9B /* XMImagePickerController */ = {
			isa = PBXGroup;
			children = (
				21916B6F1F4446A50057BA9B /* ImagePicker */,
				21916B5D1F44461E0057BA9B /* AppDelegate.swift */,
				21916B5F1F44461E0057BA9B /* ViewController.swift */,
				21916B611F44461E0057BA9B /* Main.storyboard */,
				21916B641F44461E0057BA9B /* Assets.xcassets */,
				21916B661F44461E0057BA9B /* LaunchScreen.storyboard */,
				21916B691F44461E0057BA9B /* Info.plist */,
			);
			path = XMImagePickerController;
			sourceTree = "<group>";
		};
		21916B6F1F4446A50057BA9B /* ImagePicker */ = {
			isa = PBXGroup;
			children = (
				21916B701F4446C50057BA9B /* AlbumNavigationController.swift */,
				21916B721F44478B0057BA9B /* AlbumListViewController.swift */,
				21916B741F4447B40057BA9B /* AlbumListViewCell.swift */,
				21916B781F4447D60057BA9B /* PhotosViewController.swift */,
				21916B7A1F4448080057BA9B /* PhotoCollectionViewCell.swift */,
				21916B7E1F4448300057BA9B /* PreViewViewController.swift */,
				21916B801F4448550057BA9B /* PreViewCollectionViewCell.swift */,
				21916B811F4448550057BA9B /* PreViewCollectionViewCell.xib */,
			);
			path = ImagePicker;
			sourceTree = "<group>";
		};
/* End PBXGroup section */

/* Begin PBXNativeTarget section */
		21916B591F44461E0057BA9B /* XMImagePickerController */ = {
			isa = PBXNativeTarget;
			buildConfigurationList = 21916B6C1F44461E0057BA9B /* Build configuration list for PBXNativeTarget "XMImagePickerController" */;
			buildPhases = (
				21916B561F44461E0057BA9B /* Sources */,
				21916B571F44461E0057BA9B /* Frameworks */,
				21916B581F44461E0057BA9B /* Resources */,
			);
			buildRules = (
			);
			dependencies = (
			);
			name = XMImagePickerController;
			productName = XMImagePickerController;
			productReference = 21916B5A1F44461E0057BA9B /* XMImagePickerController.app */;
			productType = "com.apple.product-type.application";
		};
/* End PBXNativeTarget section */

/* Begin PBXProject section */
		21916B521F44461E0057BA9B /* Project object */ = {
			isa = PBXProject;
			attributes = {
				LastSwiftUpdateCheck = 0830;
				LastUpgradeCheck = 0830;
				ORGANIZATIONNAME = Mazy;
				TargetAttributes = {
					21916B591F44461E0057BA9B = {
						CreatedOnToolsVersion = 8.3.3;
						ProvisioningStyle = Automatic;
					};
				};
			};
			buildConfigurationList = 21916B551F44461E0057BA9B /* Build configuration list for PBXProject "XMImagePickerController" */;
			compatibilityVersion = "Xcode 3.2";
			developmentRegion = English;
			hasScannedForEncodings = 0;
			knownRegions = (
				en,
				Base,
			);
			mainGroup = 21916B511F44461E0057BA9B;
			productRefGroup = 21916B5B1F44461E0057BA9B /* Products */;
			projectDirPath = "";
			projectRoot = "";
			targets = (
				21916B591F44461E0057BA9B /* XMImagePickerController */,
			);
		};
/* End PBXProject section */

/* Begin PBXResourcesBuildPhase section */
		21916B581F44461E0057BA9B /* Resources */ = {
			isa = PBXResourcesBuildPhase;
			buildActionMask = 2147483647;
			files = (
				21916B681F44461E0057BA9B /* LaunchScreen.storyboard in Resources */,
				21916B651F44461E0057BA9B /* Assets.xcassets in Resources */,
				21916B631F44461E0057BA9B /* Main.storyboard in Resources */,
				21916B831F4448550057BA9B /* PreViewCollectionViewCell.xib in Resources */,
			);
			runOnlyForDeploymentPostprocessing = 0;
		};
/* End PBXResourcesBuildPhase section */

/* Begin PBXSourcesBuildPhase section */
		21916B561F44461E0057BA9B /* Sources */ = {
			isa = PBXSourcesBuildPhase;
			buildActionMask = 2147483647;
			files = (
				21916B731F44478B0057BA9B /* AlbumListViewController.swift in Sources */,
				21916B761F4447B40057BA9B /* AlbumListViewCell.swift in Sources */,
				21916B711F4446C50057BA9B /* AlbumNavigationController.swift in Sources */,
				21916B791F4447D60057BA9B /* PhotosViewController.swift in Sources */,
				21916B821F4448550057BA9B /* PreViewCollectionViewCell.swift in Sources */,
				21916B7C1F4448080057BA9B /* PhotoCollectionViewCell.swift in Sources */,
				21916B601F44461E0057BA9B /* ViewController.swift in Sources */,
				21916B5E1F44461E0057BA9B /* AppDelegate.swift in Sources */,
				21916B7F1F4448300057BA9B /* PreViewViewController.swift in Sources */,
			);
			runOnlyForDeploymentPostprocessing = 0;
		};
/* End PBXSourcesBuildPhase section */

/* Begin PBXVariantGroup section */
		21916B611F44461E0057BA9B /* Main.storyboard */ = {
			isa = PBXVariantGroup;
			children = (
				21916B621F44461E0057BA9B /* Base */,
			);
			name = Main.storyboard;
			sourceTree = "<group>";
		};
		21916B661F44461E0057BA9B /* LaunchScreen.storyboard */ = {
			isa = PBXVariantGroup;
			children = (
				21916B671F44461E0057BA9B /* Base */,
			);
			name = LaunchScreen.storyboard;
			sourceTree = "<group>";
		};
/* End PBXVariantGroup section */

/* Begin XCBuildConfiguration section */
		21916B6A1F44461E0057BA9B /* Debug */ = {
			isa = XCBuildConfiguration;
			buildSettings = {
				ALWAYS_SEARCH_USER_PATHS = NO;
				CLANG_ANALYZER_NONNULL = YES;
				CLANG_ANALYZER_NUMBER_OBJECT_CONVERSION = YES_AGGRESSIVE;
				CLANG_CXX_LANGUAGE_STANDARD = "gnu++0x";
				CLANG_CXX_LIBRARY = "libc++";
				CLANG_ENABLE_MODULES = YES;
				CLANG_ENABLE_OBJC_ARC = YES;
				CLANG_WARN_BOOL_CONVERSION = YES;
				CLANG_WARN_CONSTANT_CONVERSION = YES;
				CLANG_WARN_DIRECT_OBJC_ISA_USAGE = YES_ERROR;
				CLANG_WARN_DOCUMENTATION_COMMENTS = YES;
				CLANG_WARN_EMPTY_BODY = YES;
				CLANG_WARN_ENUM_CONVERSION = YES;
				CLANG_WARN_INFINITE_RECURSION = YES;
				CLANG_WARN_INT_CONVERSION = YES;
				CLANG_WARN_OBJC_ROOT_CLASS = YES_ERROR;
				CLANG_WARN_SUSPICIOUS_MOVE = YES;
				CLANG_WARN_UNREACHABLE_CODE = YES;
				CLANG_WARN__DUPLICATE_METHOD_MATCH = YES;
				"CODE_SIGN_IDENTITY[sdk=iphoneos*]" = "iPhone Developer";
				COPY_PHASE_STRIP = NO;
				DEBUG_INFORMATION_FORMAT = dwarf;
				ENABLE_STRICT_OBJC_MSGSEND = YES;
				ENABLE_TESTABILITY = YES;
				GCC_C_LANGUAGE_STANDARD = gnu99;
				GCC_DYNAMIC_NO_PIC = NO;
				GCC_NO_COMMON_BLOCKS = YES;
				GCC_OPTIMIZATION_LEVEL = 0;
				GCC_PREPROCESSOR_DEFINITIONS = (
					"DEBUG=1",
					"$(inherited)",
				);
				GCC_WARN_64_TO_32_BIT_CONVERSION = YES;
				GCC_WARN_ABOUT_RETURN_TYPE = YES_ERROR;
				GCC_WARN_UNDECLARED_SELECTOR = YES;
				GCC_WARN_UNINITIALIZED_AUTOS = YES_AGGRESSIVE;
				GCC_WARN_UNUSED_FUNCTION = YES;
				GCC_WARN_UNUSED_VARIABLE = YES;
				IPHONEOS_DEPLOYMENT_TARGET = 10.3;
				MTL_ENABLE_DEBUG_INFO = YES;
				ONLY_ACTIVE_ARCH = YES;
				SDKROOT = iphoneos;
				SWIFT_ACTIVE_COMPILATION_CONDITIONS = DEBUG;
				SWIFT_OPTIMIZATION_LEVEL = "-Onone";
				TARGETED_DEVICE_FAMILY = "1,2";
			};
			name = Debug;
		};
		21916B6B1F44461E0057BA9B /* Release */ = {
			isa = XCBuildConfiguration;
			buildSettings = {
				ALWAYS_SEARCH_USER_PATHS = NO;
				CLANG_ANALYZER_NONNULL = YES;
				CLANG_ANALYZER_NUMBER_OBJECT_CONVERSION = YES_AGGRESSIVE;
				CLANG_CXX_LANGUAGE_STANDARD = "gnu++0x";
				CLANG_CXX_LIBRARY = "libc++";
				CLANG_ENABLE_MODULES = YES;
				CLANG_ENABLE_OBJC_ARC = YES;
				CLANG_WARN_BOOL_CONVERSION = YES;
				CLANG_WARN_CONSTANT_CONVERSION = YES;
				CLANG_WARN_DIRECT_OBJC_ISA_USAGE = YES_ERROR;
				CLANG_WARN_DOCUMENTATION_COMMENTS = YES;
				CLANG_WARN_EMPTY_BODY = YES;
				CLANG_WARN_ENUM_CONVERSION = YES;
				CLANG_WARN_INFINITE_RECURSION = YES;
				CLANG_WARN_INT_CONVERSION = YES;
				CLANG_WARN_OBJC_ROOT_CLASS = YES_ERROR;
				CLANG_WARN_SUSPICIOUS_MOVE = YES;
				CLANG_WARN_UNREACHABLE_CODE = YES;
				CLANG_WARN__DUPLICATE_METHOD_MATCH = YES;
				"CODE_SIGN_IDENTITY[sdk=iphoneos*]" = "iPhone Developer";
				COPY_PHASE_STRIP = NO;
				DEBUG_INFORMATION_FORMAT = "dwarf-with-dsym";
				ENABLE_NS_ASSERTIONS = NO;
				ENABLE_STRICT_OBJC_MSGSEND = YES;
				GCC_C_LANGUAGE_STANDARD = gnu99;
				GCC_NO_COMMON_BLOCKS = YES;
				GCC_WARN_64_TO_32_BIT_CONVERSION = YES;
				GCC_WARN_ABOUT_RETURN_TYPE = YES_ERROR;
				GCC_WARN_UNDECLARED_SELECTOR = YES;
				GCC_WARN_UNINITIALIZED_AUTOS = YES_AGGRESSIVE;
				GCC_WARN_UNUSED_FUNCTION = YES;
				GCC_WARN_UNUSED_VARIABLE = YES;
				IPHONEOS_DEPLOYMENT_TARGET = 10.3;
				MTL_ENABLE_DEBUG_INFO = NO;
				SDKROOT = iphoneos;
				SWIFT_OPTIMIZATION_LEVEL = "-Owholemodule";
				TARGETED_DEVICE_FAMILY = "1,2";
				VALIDATE_PRODUCT = YES;
			};
			name = Release;
		};
		21916B6D1F44461E0057BA9B /* Debug */ = {
			isa = XCBuildConfiguration;
			buildSettings = {
				ASSETCATALOG_COMPILER_APPICON_NAME = AppIcon;
				INFOPLIST_FILE = XMImagePickerController/Info.plist;
				LD_RUNPATH_SEARCH_PATHS = "$(inherited) @executable_path/Frameworks";
				PRODUCT_BUNDLE_IDENTIFIER = Mazy.XMImagePickerController;
				PRODUCT_NAME = "$(TARGET_NAME)";
				SWIFT_VERSION = 3.0;
			};
			name = Debug;
		};
		21916B6E1F44461E0057BA9B /* Release */ = {
			isa = XCBuildConfiguration;
			buildSettings = {
				ASSETCATALOG_COMPILER_APPICON_NAME = AppIcon;
				INFOPLIST_FILE = XMImagePickerController/Info.plist;
				LD_RUNPATH_SEARCH_PATHS = "$(inherited) @executable_path/Frameworks";
				PRODUCT_BUNDLE_IDENTIFIER = Mazy.XMImagePickerController;
				PRODUCT_NAME = "$(TARGET_NAME)";
				SWIFT_VERSION = 3.0;
			};
			name = Release;
		};
/* End XCBuildConfiguration section */

/* Begin XCConfigurationList section */
		21916B551F44461E0057BA9B /* Build configuration list for PBXProject "XMImagePickerController" */ = {
			isa = XCConfigurationList;
			buildConfigurations = (
				21916B6A1F44461E0057BA9B /* Debug */,
				21916B6B1F44461E0057BA9B /* Release */,
			);
			defaultConfigurationIsVisible = 0;
			defaultConfigurationName = Release;
		};
		21916B6C1F44461E0057BA9B /* Build configuration list for PBXNativeTarget "XMImagePickerController" */ = {
			isa = XCConfigurationList;
			buildConfigurations = (
				21916B6D1F44461E0057BA9B /* Debug */,
				21916B6E1F44461E0057BA9B /* Release */,
			);
			defaultConfigurationIsVisible = 0;
			defaultConfigurationName = Release;
		};
/* End XCConfigurationList section */
	};
	rootObject = 21916B521F44461E0057BA9B /* Project object */;
}
